// !$*UTF8*$!
{
	archiveVersion = 1;
	classes = {
	};
	objectVersion = 46;
	objects = {

/* Begin PBXBuildFile section */
		A488F2261D2BA1A1001DF5EA /* main.m in Sources */ = {isa = PBXBuildFile; fileRef = A488F2251D2BA1A0001DF5EA /* main.m */; };
		A488F2291D2BA1A1001DF5EA /* AppDelegate.m in Sources */ = {isa = PBXBuildFile; fileRef = A488F2281D2BA1A1001DF5EA /* AppDelegate.m */; };
		A488F22C1D2BA1A1001DF5EA /* ViewController.m in Sources */ = {isa = PBXBuildFile; fileRef = A488F22B1D2BA1A1001DF5EA /* ViewController.m */; };
		A488F22F1D2BA1A1001DF5EA /* Main.storyboard in Resources */ = {isa = PBXBuildFile; fileRef = A488F22D1D2BA1A1001DF5EA /* Main.storyboard */; };
		A488F2311D2BA1A1001DF5EA /* Assets.xcassets in Resources */ = {isa = PBXBuildFile; fileRef = A488F2301D2BA1A1001DF5EA /* Assets.xcassets */; };
		A488F2341D2BA1A1001DF5EA /* LaunchScreen.storyboard in Resources */ = {isa = PBXBuildFile; fileRef = A488F2321D2BA1A1001DF5EA /* LaunchScreen.storyboard */; };
		A488F23D1D2BA28B001DF5EA /* DynamicImageTableViewCell.m in Sources */ = {isa = PBXBuildFile; fileRef = A488F23C1D2BA28B001DF5EA /* DynamicImageTableViewCell.m */; };
		A4F5FF651D2CFD5C0035F491 /* DynamicImageTableViewCellLayout.m in Sources */ = {isa = PBXBuildFile; fileRef = A4F5FF641D2CFD5C0035F491 /* DynamicImageTableViewCellLayout.m */; };
		B1B9BE85CD28CC579269F718 /* libPods-DynamicLoadingImages.a in Frameworks */ = {isa = PBXBuildFile; fileRef = 455AA4DF2A4FA5A4EE4E10B7 /* libPods-DynamicLoadingImages.a */; };
/* End PBXBuildFile section */

/* Begin PBXFileReference section */
		200FBB3869AE47224B5A257D /* Pods-DynamicLoadingImages.debug.xcconfig */ = {isa = PBXFileReference; includeInIndex = 1; lastKnownFileType = text.xcconfig; name = "Pods-DynamicLoadingImages.debug.xcconfig"; path = "Pods/Target Support Files/Pods-DynamicLoadingImages/Pods-DynamicLoadingImages.debug.xcconfig"; sourceTree = "<group>"; };
		455AA4DF2A4FA5A4EE4E10B7 /* libPods-DynamicLoadingImages.a */ = {isa = PBXFileReference; explicitFileType = archive.ar; includeInIndex = 0; path = "libPods-DynamicLoadingImages.a"; sourceTree = BUILT_PRODUCTS_DIR; };
		87610AC71C83BFDC5E975D23 /* Pods-DynamicLoadingImages.release.xcconfig */ = {isa = PBXFileReference; includeInIndex = 1; lastKnownFileType = text.xcconfig; name = "Pods-DynamicLoadingImages.release.xcconfig"; path = "Pods/Target Support Files/Pods-DynamicLoadingImages/Pods-DynamicLoadingImages.release.xcconfig"; sourceTree = "<group>"; };
		A488F2211D2BA1A0001DF5EA /* DynamicLoadingImages.app */ = {isa = PBXFileReference; explicitFileType = wrapper.application; includeInIndex = 0; path = DynamicLoadingImages.app; sourceTree = BUILT_PRODUCTS_DIR; };
		A488F2251D2BA1A0001DF5EA /* main.m */ = {isa = PBXFileReference; lastKnownFileType = sourcecode.c.objc; path = main.m; sourceTree = "<group>"; };
		A488F2271D2BA1A1001DF5EA /* AppDelegate.h */ = {isa = PBXFileReference; lastKnownFileType = sourcecode.c.h; path = AppDelegate.h; sourceTree = "<group>"; };
		A488F2281D2BA1A1001DF5EA /* AppDelegate.m */ = {isa = PBXFileReference; lastKnownFileType = sourcecode.c.objc; path = AppDelegate.m; sourceTree = "<group>"; };
		A488F22A1D2BA1A1001DF5EA /* ViewController.h */ = {isa = PBXFileReference; lastKnownFileType = sourcecode.c.h; path = ViewController.h; sourceTree = "<group>"; };
		A488F22B1D2BA1A1001DF5EA /* ViewController.m */ = {isa = PBXFileReference; lastKnownFileType = sourcecode.c.objc; path = ViewController.m; sourceTree = "<group>"; };
		A488F22E1D2BA1A1001DF5EA /* Base */ = {isa = PBXFileReference; lastKnownFileType = file.storyboard; name = Base; path = Base.lproj/Main.storyboard; sourceTree = "<group>"; };
		A488F2301D2BA1A1001DF5EA /* Assets.xcassets */ = {isa = PBXFileReference; lastKnownFileType = folder.assetcatalog; path = Assets.xcassets; sourceTree = "<group>"; };
		A488F2331D2BA1A1001DF5EA /* Base */ = {isa = PBXFileReference; lastKnownFileType = file.storyboard; name = Base; path = Base.lproj/LaunchScreen.storyboard; sourceTree = "<group>"; };
		A488F2351D2BA1A1001DF5EA /* Info.plist */ = {isa = PBXFileReference; lastKnownFileType = text.plist.xml; path = Info.plist; sourceTree = "<group>"; };
		A488F23B1D2BA28B001DF5EA /* DynamicImageTableViewCell.h */ = {isa = PBXFileReference; fileEncoding = 4; lastKnownFileType = sourcecode.c.h; path = DynamicImageTableViewCell.h; sourceTree = "<group>"; };
		A488F23C1D2BA28B001DF5EA /* DynamicImageTableViewCell.m */ = {isa = PBXFileReference; fileEncoding = 4; lastKnownFileType = sourcecode.c.objc; path = DynamicImageTableViewCell.m; sourceTree = "<group>"; };
		A4F5FF631D2CFD5C0035F491 /* DynamicImageTableViewCellLayout.h */ = {isa = PBXFileReference; fileEncoding = 4; lastKnownFileType = sourcecode.c.h; path = DynamicImageTableViewCellLayout.h; sourceTree = "<group>"; };
		A4F5FF641D2CFD5C0035F491 /* DynamicImageTableViewCellLayout.m */ = {isa = PBXFileReference; fileEncoding = 4; lastKnownFileType = sourcecode.c.objc; path = DynamicImageTableViewCellLayout.m; sourceTree = "<group>"; };
/* End PBXFileReference section */

/* Begin PBXFrameworksBuildPhase section */
		A488F21E1D2BA1A0001DF5EA /* Frameworks */ = {
			isa = PBXFrameworksBuildPhase;
			buildActionMask = 2147483647;
			files = (
				B1B9BE85CD28CC579269F718 /* libPods-DynamicLoadingImages.a in Frameworks */,
			);
			runOnlyForDeploymentPostprocessing = 0;
		};
/* End PBXFrameworksBuildPhase section */

/* Begin PBXGroup section */
		8511F3B30C83451D8E0F1A93 /* Pods */ = {
			isa = PBXGroup;
			children = (
				200FBB3869AE47224B5A257D /* Pods-DynamicLoadingImages.debug.xcconfig */,
				87610AC71C83BFDC5E975D23 /* Pods-DynamicLoadingImages.release.xcconfig */,
			);
			name = Pods;
			sourceTree = "<group>";
		};
		A488F2181D2BA1A0001DF5EA = {
			isa = PBXGroup;
			children = (
				A488F2231D2BA1A0001DF5EA /* DynamicLoadingImages */,
				A488F2221D2BA1A0001DF5EA /* Products */,
				8511F3B30C83451D8E0F1A93 /* Pods */,
				C5A1EDF9AE7B148D1BD37B5C /* Frameworks */,
			);
			sourceTree = "<group>";
		};
		A488F2221D2BA1A0001DF5EA /* Products */ = {
			isa = PBXGroup;
			children = (
				A488F2211D2BA1A0001DF5EA /* DynamicLoadingImages.app */,
			);
			name = Products;
			sourceTree = "<group>";
		};
		A488F2231D2BA1A0001DF5EA /* DynamicLoadingImages */ = {
			isa = PBXGroup;
			children = (
				A488F2271D2BA1A1001DF5EA /* AppDelegate.h */,
				A488F2281D2BA1A1001DF5EA /* AppDelegate.m */,
				A488F22A1D2BA1A1001DF5EA /* ViewController.h */,
				A488F22B1D2BA1A1001DF5EA /* ViewController.m */,
				A488F23B1D2BA28B001DF5EA /* DynamicImageTableViewCell.h */,
				A488F23C1D2BA28B001DF5EA /* DynamicImageTableViewCell.m */,
				A4F5FF631D2CFD5C0035F491 /* DynamicImageTableViewCellLayout.h */,
				A4F5FF641D2CFD5C0035F491 /* DynamicImageTableViewCellLayout.m */,
				A488F22D1D2BA1A1001DF5EA /* Main.storyboard */,
				A488F2301D2BA1A1001DF5EA /* Assets.xcassets */,
				A488F2321D2BA1A1001DF5EA /* LaunchScreen.storyboard */,
				A488F2351D2BA1A1001DF5EA /* Info.plist */,
				A488F2241D2BA1A0001DF5EA /* Supporting Files */,
			);
			path = DynamicLoadingImages;
			sourceTree = "<group>";
		};
		A488F2241D2BA1A0001DF5EA /* Supporting Files */ = {
			isa = PBXGroup;
			children = (
				A488F2251D2BA1A0001DF5EA /* main.m */,
			);
			name = "Supporting Files";
			sourceTree = "<group>";
		};
		C5A1EDF9AE7B148D1BD37B5C /* Frameworks */ = {
			isa = PBXGroup;
			children = (
				455AA4DF2A4FA5A4EE4E10B7 /* libPods-DynamicLoadingImages.a */,
			);
			name = Frameworks;
			sourceTree = "<group>";
		};
/* End PBXGroup section */

/* Begin PBXNativeTarget section */
		A488F2201D2BA1A0001DF5EA /* DynamicLoadingImages */ = {
			isa = PBXNativeTarget;
			buildConfigurationList = A488F2381D2BA1A1001DF5EA /* Build configuration list for PBXNativeTarget "DynamicLoadingImages" */;
			buildPhases = (
				6D790E574702F8BEBE32C244 /* [CP] Check Pods Manifest.lock */,
				A488F21D1D2BA1A0001DF5EA /* Sources */,
				A488F21E1D2BA1A0001DF5EA /* Frameworks */,
				A488F21F1D2BA1A0001DF5EA /* Resources */,
				0902C11C94C0BB5D51CEA5FD /* [CP] Embed Pods Frameworks */,
				1ACFC23B5F48FD6AACF5B6E7 /* [CP] Copy Pods Resources */,
			);
			buildRules = (
			);
			dependencies = (
			);
			name = DynamicLoadingImages;
			productName = DynamicLoadingImages;
			productReference = A488F2211D2BA1A0001DF5EA /* DynamicLoadingImages.app */;
			productType = "com.apple.product-type.application";
		};
/* End PBXNativeTarget section */

/* Begin PBXProject section */
		A488F2191D2BA1A0001DF5EA /* Project object */ = {
			isa = PBXProject;
			attributes = {
				LastUpgradeCheck = 0730;
				ORGANIZATIONNAME = youzan;
				TargetAttributes = {
					A488F2201D2BA1A0001DF5EA = {
						CreatedOnToolsVersion = 7.3.1;
					};
				};
			};
			buildConfigurationList = A488F21C1D2BA1A0001DF5EA /* Build configuration list for PBXProject "DynamicLoadingImages" */;
			compatibilityVersion = "Xcode 3.2";
			developmentRegion = English;
			hasScannedForEncodings = 0;
			knownRegions = (
				en,
				Base,
			);
			mainGroup = A488F2181D2BA1A0001DF5EA;
			productRefGroup = A488F2221D2BA1A0001DF5EA /* Products */;
			projectDirPath = "";
			projectRoot = "";
			targets = (
				A488F2201D2BA1A0001DF5EA /* DynamicLoadingImages */,
			);
		};
/* End PBXProject section */

/* Begin PBXResourcesBuildPhase section */
		A488F21F1D2BA1A0001DF5EA /* Resources */ = {
			isa = PBXResourcesBuildPhase;
			buildActionMask = 2147483647;
			files = (
				A488F2341D2BA1A1001DF5EA /* LaunchScreen.storyboard in Resources */,
				A488F2311D2BA1A1001DF5EA /* Assets.xcassets in Resources */,
				A488F22F1D2BA1A1001DF5EA /* Main.storyboard in Resources */,
			);
			runOnlyForDeploymentPostprocessing = 0;
		};
/* End PBXResourcesBuildPhase section */

/* Begin PBXShellScriptBuildPhase section */
		0902C11C94C0BB5D51CEA5FD /* [CP] Embed Pods Frameworks */ = {
			isa = PBXShellScriptBuildPhase;
			buildActionMask = 2147483647;
			files = (
			);
			inputPaths = (
			);
			name = "[CP] Embed Pods Frameworks";
			outputPaths = (
			);
			runOnlyForDeploymentPostprocessing = 0;
			shellPath = /bin/sh;
			shellScript = "\"${SRCROOT}/Pods/Target Support Files/Pods-DynamicLoadingImages/Pods-DynamicLoadingImages-frameworks.sh\"\n";
			showEnvVarsInLog = 0;
		};
		1ACFC23B5F48FD6AACF5B6E7 /* [CP] Copy Pods Resources */ = {
			isa = PBXShellScriptBuildPhase;
			buildActionMask = 2147483647;
			files = (
			);
			inputPaths = (
			);
			name = "[CP] Copy Pods Resources";
			outputPaths = (
			);
			runOnlyForDeploymentPostprocessing = 0;
			shellPath = /bin/sh;
			shellScript = "\"${SRCROOT}/Pods/Target Support Files/Pods-DynamicLoadingImages/Pods-DynamicLoadingImages-resources.sh\"\n";
			showEnvVarsInLog = 0;
		};
		6D790E574702F8BEBE32C244 /* [CP] Check Pods Manifest.lock */ = {
			isa = PBXShellScriptBuildPhase;
			buildActionMask = 2147483647;
			files = (
			);
			inputPaths = (
			);
			name = "[CP] Check Pods Manifest.lock";
			outputPaths = (
			);
			runOnlyForDeploymentPostprocessing = 0;
			shellPath = /bin/sh;
			shellScript = "diff \"${PODS_ROOT}/../Podfile.lock\" \"${PODS_ROOT}/Manifest.lock\" > /dev/null\nif [[ $? != 0 ]] ; then\n    cat << EOM\nerror: The sandbox is not in sync with the Podfile.lock. Run 'pod install' or update your CocoaPods installation.\nEOM\n    exit 1\nfi\n";
			showEnvVarsInLog = 0;
		};
/* End PBXShellScriptBuildPhase section */

/* Begin PBXSourcesBuildPhase section */
		A488F21D1D2BA1A0001DF5EA /* Sources */ = {
			isa = PBXSourcesBuildPhase;
			buildActionMask = 2147483647;
			files = (
				A488F22C1D2BA1A1001DF5EA /* ViewController.m in Sources */,
				A4F5FF651D2CFD5C0035F491 /* DynamicImageTableViewCellLayout.m in Sources */,
				A488F23D1D2BA28B001DF5EA /* DynamicImageTableViewCell.m in Sources */,
				A488F2291D2BA1A1001DF5EA /* AppDelegate.m in Sources */,
				A488F2261D2BA1A1001DF5EA /* main.m in Sources */,
			);
			runOnlyForDeploymentPostprocessing = 0;
		};
/* End PBXSourcesBuildPhase section */

/* Begin PBXVariantGroup section */
		A488F22D1D2BA1A1001DF5EA /* Main.storyboard */ = {
			isa = PBXVariantGroup;
			children = (
				A488F22E1D2BA1A1001DF5EA /* Base */,
			);
			name = Main.storyboard;
			sourceTree = "<group>";
		};
		A488F2321D2BA1A1001DF5EA /* LaunchScreen.storyboard */ = {
			isa = PBXVariantGroup;
			children = (
				A488F2331D2BA1A1001DF5EA /* Base */,
			);
			name = LaunchScreen.storyboard;
			sourceTree = "<group>";
		};
/* End PBXVariantGroup section */

/* Begin XCBuildConfiguration section */
		A488F2361D2BA1A1001DF5EA /* Debug */ = {
			isa = XCBuildConfiguration;
			buildSettings = {
				ALWAYS_SEARCH_USER_PATHS = NO;
				CLANG_ANALYZER_NONNULL = YES;
				CLANG_CXX_LANGUAGE_STANDARD = "gnu++0x";
				CLANG_CXX_LIBRARY = "libc++";
				CLANG_ENABLE_MODULES = YES;
				CLANG_ENABLE_OBJC_ARC = YES;
				CLANG_WARN_BOOL_CONVERSION = YES;
				CLANG_WARN_CONSTANT_CONVERSION = YES;
				CLANG_WARN_DIRECT_OBJC_ISA_USAGE = YES_ERROR;
				CLANG_WARN_EMPTY_BODY = YES;
				CLANG_WARN_ENUM_CONVERSION = YES;
				CLANG_WARN_INT_CONVERSION = YES;
				CLANG_WARN_OBJC_ROOT_CLASS = YES_ERROR;
				CLANG_WARN_UNREACHABLE_CODE = YES;
				CLANG_WARN__DUPLICATE_METHOD_MATCH = YES;
				"CODE_SIGN_IDENTITY[sdk=iphoneos*]" = "iPhone Developer";
				COPY_PHASE_STRIP = NO;
				DEBUG_INFORMATION_FORMAT = dwarf;
				ENABLE_STRICT_OBJC_MSGSEND = YES;
				ENABLE_TESTABILITY = YES;
				GCC_C_LANGUAGE_STANDARD = gnu99;
				GCC_DYNAMIC_NO_PIC = NO;
				GCC_NO_COMMON_BLOCKS = YES;
				GCC_OPTIMIZATION_LEVEL = 0;
				GCC_PREPROCESSOR_DEFINITIONS = (
					"DEBUG=1",
					"$(inherited)",
				);
				GCC_WARN_64_TO_32_BIT_CONVERSION = YES;
				GCC_WARN_ABOUT_RETURN_TYPE = YES_ERROR;
				GCC_WARN_UNDECLARED_SELECTOR = YES;
				GCC_WARN_UNINITIALIZED_AUTOS = YES_AGGRESSIVE;
				GCC_WARN_UNUSED_FUNCTION = YES;
				GCC_WARN_UNUSED_VARIABLE = YES;
				IPHONEOS_DEPLOYMENT_TARGET = 9.3;
				MTL_ENABLE_DEBUG_INFO = YES;
				ONLY_ACTIVE_ARCH = YES;
				SDKROOT = iphoneos;
			};
			name = Debug;
		};
		A488F2371D2BA1A1001DF5EA /* Release */ = {
			isa = XCBuildConfiguration;
			buildSettings = {
				ALWAYS_SEARCH_USER_PATHS = NO;
				CLANG_ANALYZER_NONNULL = YES;
				CLANG_CXX_LANGUAGE_STANDARD = "gnu++0x";
				CLANG_CXX_LIBRARY = "libc++";
				CLANG_ENABLE_MODULES = YES;
				CLANG_ENABLE_OBJC_ARC = YES;
				CLANG_WARN_BOOL_CONVERSION = YES;
				CLANG_WARN_CONSTANT_CONVERSION = YES;
				CLANG_WARN_DIRECT_OBJC_ISA_USAGE = YES_ERROR;
				CLANG_WARN_EMPTY_BODY = YES;
				CLANG_WARN_ENUM_CONVERSION = YES;
				CLANG_WARN_INT_CONVERSION = YES;
				CLANG_WARN_OBJC_ROOT_CLASS = YES_ERROR;
				CLANG_WARN_UNREACHABLE_CODE = YES;
				CLANG_WARN__DUPLICATE_METHOD_MATCH = YES;
				"CODE_SIGN_IDENTITY[sdk=iphoneos*]" = "iPhone Developer";
				COPY_PHASE_STRIP = NO;
				DEBUG_INFORMATION_FORMAT = "dwarf-with-dsym";
				ENABLE_NS_ASSERTIONS = NO;
				ENABLE_STRICT_OBJC_MSGSEND = YES;
				GCC_C_LANGUAGE_STANDARD = gnu99;
				GCC_NO_COMMON_BLOCKS = YES;
				GCC_WARN_64_TO_32_BIT_CONVERSION = YES;
				GCC_WARN_ABOUT_RETURN_TYPE = YES_ERROR;
				GCC_WARN_UNDECLARED_SELECTOR = YES;
				GCC_WARN_UNINITIALIZED_AUTOS = YES_AGGRESSIVE;
				GCC_WARN_UNUSED_FUNCTION = YES;
				GCC_WARN_UNUSED_VARIABLE = YES;
				IPHONEOS_DEPLOYMENT_TARGET = 9.3;
				MTL_ENABLE_DEBUG_INFO = NO;
				SDKROOT = iphoneos;
				VALIDATE_PRODUCT = YES;
			};
			name = Release;
		};
		A488F2391D2BA1A1001DF5EA /* Debug */ = {
			isa = XCBuildConfiguration;
			baseConfigurationReference = 200FBB3869AE47224B5A257D /* Pods-DynamicLoadingImages.debug.xcconfig */;
			buildSettings = {
				ASSETCATALOG_COMPILER_APPICON_NAME = AppIcon;
				INFOPLIST_FILE = DynamicLoadingImages/Info.plist;
				LD_RUNPATH_SEARCH_PATHS = "$(inherited) @executable_path/Frameworks";
				PRODUCT_BUNDLE_IDENTIFIER = com.youzan.DynamicLoadingImages;
				PRODUCT_NAME = "$(TARGET_NAME)";
			};
			name = Debug;
		};
		A488F23A1D2BA1A1001DF5EA /* Release */ = {
			isa = XCBuildConfiguration;
			baseConfigurationReference = 87610AC71C83BFDC5E975D23 /* Pods-DynamicLoadingImages.release.xcconfig */;
			buildSettings = {
				ASSETCATALOG_COMPILER_APPICON_NAME = AppIcon;
				INFOPLIST_FILE = DynamicLoadingImages/Info.plist;
				LD_RUNPATH_SEARCH_PATHS = "$(inherited) @executable_path/Frameworks";
				PRODUCT_BUNDLE_IDENTIFIER = com.youzan.DynamicLoadingImages;
				PRODUCT_NAME = "$(TARGET_NAME)";
			};
			name = Release;
		};
/* End XCBuildConfiguration section */

/* Begin XCConfigurationList section */
		A488F21C1D2BA1A0001DF5EA /* Build configuration list for PBXProject "DynamicLoadingImages" */ = {
			isa = XCConfigurationList;
			buildConfigurations = (
				A488F2361D2BA1A1001DF5EA /* Debug */,
				A488F2371D2BA1A1001DF5EA /* Release */,
			);
			defaultConfigurationIsVisible = 0;
			defaultConfigurationName = Release;
		};
		A488F2381D2BA1A1001DF5EA /* Build configuration list for PBXNativeTarget "DynamicLoadingImages" */ = {
			isa = XCConfigurationList;
			buildConfigurations = (
				A488F2391D2BA1A1001DF5EA /* Debug */,
				A488F23A1D2BA1A1001DF5EA /* Release */,
			);
			defaultConfigurationIsVisible = 0;
			defaultConfigurationName = Release;
		};
/* End XCConfigurationList section */
	};
	rootObject = A488F2191D2BA1A0001DF5EA /* Project object */;
}
