// !$*UTF8*$!
{
	archiveVersion = 1;
	classes = {
	};
	objectVersion = 46;
	objects = {

/* Begin PBXBuildFile section */
		A457DF221D3DFFB40001A409 /* AppDelegate.swift in Sources */ = {isa = PBXBuildFile; fileRef = A457DF211D3DFFB40001A409 /* AppDelegate.swift */; };
		A457DF241D3DFFB40001A409 /* ViewController.swift in Sources */ = {isa = PBXBuildFile; fileRef = A457DF231D3DFFB40001A409 /* ViewController.swift */; };
		A457DF271D3DFFB40001A409 /* Main.storyboard in Resources */ = {isa = PBXBuildFile; fileRef = A457DF251D3DFFB40001A409 /* Main.storyboard */; };
		A457DF291D3DFFB40001A409 /* Assets.xcassets in Resources */ = {isa = PBXBuildFile; fileRef = A457DF281D3DFFB40001A409 /* Assets.xcassets */; };
		A457DF2C1D3DFFB40001A409 /* LaunchScreen.storyboard in Resources */ = {isa = PBXBuildFile; fileRef = A457DF2A1D3DFFB40001A409 /* LaunchScreen.storyboard */; };
		A457DF341D3DFFD80001A409 /* DetailViewController.swift in Sources */ = {isa = PBXBuildFile; fileRef = A457DF331D3DFFD80001A409 /* DetailViewController.swift */; };
		A457DF361D3E011B0001A409 /* YRDynamicPasswordTransition.swift in Sources */ = {isa = PBXBuildFile; fileRef = A457DF351D3E011B0001A409 /* YRDynamicPasswordTransition.swift */; };
/* End PBXBuildFile section */

/* Begin PBXFileReference section */
		A457DF1E1D3DFFB40001A409 /* NavigationTransitionAnimation.app */ = {isa = PBXFileReference; explicitFileType = wrapper.application; includeInIndex = 0; path = NavigationTransitionAnimation.app; sourceTree = BUILT_PRODUCTS_DIR; };
		A457DF211D3DFFB40001A409 /* AppDelegate.swift */ = {isa = PBXFileReference; lastKnownFileType = sourcecode.swift; path = AppDelegate.swift; sourceTree = "<group>"; };
		A457DF231D3DFFB40001A409 /* ViewController.swift */ = {isa = PBXFileReference; lastKnownFileType = sourcecode.swift; path = ViewController.swift; sourceTree = "<group>"; };
		A457DF261D3DFFB40001A409 /* Base */ = {isa = PBXFileReference; lastKnownFileType = file.storyboard; name = Base; path = Base.lproj/Main.storyboard; sourceTree = "<group>"; };
		A457DF281D3DFFB40001A409 /* Assets.xcassets */ = {isa = PBXFileReference; lastKnownFileType = folder.assetcatalog; path = Assets.xcassets; sourceTree = "<group>"; };
		A457DF2B1D3DFFB40001A409 /* Base */ = {isa = PBXFileReference; lastKnownFileType = file.storyboard; name = Base; path = Base.lproj/LaunchScreen.storyboard; sourceTree = "<group>"; };
		A457DF2D1D3DFFB40001A409 /* Info.plist */ = {isa = PBXFileReference; lastKnownFileType = text.plist.xml; path = Info.plist; sourceTree = "<group>"; };
		A457DF331D3DFFD80001A409 /* DetailViewController.swift */ = {isa = PBXFileReference; fileEncoding = 4; lastKnownFileType = sourcecode.swift; path = DetailViewController.swift; sourceTree = "<group>"; };
		A457DF351D3E011B0001A409 /* YRDynamicPasswordTransition.swift */ = {isa = PBXFileReference; fileEncoding = 4; lastKnownFileType = sourcecode.swift; path = YRDynamicPasswordTransition.swift; sourceTree = "<group>"; };
/* End PBXFileReference section */

/* Begin PBXFrameworksBuildPhase section */
		A457DF1B1D3DFFB40001A409 /* Frameworks */ = {
			isa = PBXFrameworksBuildPhase;
			buildActionMask = 2147483647;
			files = (
			);
			runOnlyForDeploymentPostprocessing = 0;
		};
/* End PBXFrameworksBuildPhase section */

/* Begin PBXGroup section */
		A457DF151D3DFFB40001A409 = {
			isa = PBXGroup;
			children = (
				A457DF201D3DFFB40001A409 /* NavigationTransitionAnimation */,
				A457DF1F1D3DFFB40001A409 /* Products */,
			);
			sourceTree = "<group>";
		};
		A457DF1F1D3DFFB40001A409 /* Products */ = {
			isa = PBXGroup;
			children = (
				A457DF1E1D3DFFB40001A409 /* NavigationTransitionAnimation.app */,
			);
			name = Products;
			sourceTree = "<group>";
		};
		A457DF201D3DFFB40001A409 /* NavigationTransitionAnimation */ = {
			isa = PBXGroup;
			children = (
				A457DF211D3DFFB40001A409 /* AppDelegate.swift */,
				A457DF231D3DFFB40001A409 /* ViewController.swift */,
				A457DF331D3DFFD80001A409 /* DetailViewController.swift */,
				A457DF351D3E011B0001A409 /* YRDynamicPasswordTransition.swift */,
				A457DF251D3DFFB40001A409 /* Main.storyboard */,
				A457DF281D3DFFB40001A409 /* Assets.xcassets */,
				A457DF2A1D3DFFB40001A409 /* LaunchScreen.storyboard */,
				A457DF2D1D3DFFB40001A409 /* Info.plist */,
			);
			path = NavigationTransitionAnimation;
			sourceTree = "<group>";
		};
/* End PBXGroup section */

/* Begin PBXNativeTarget section */
		A457DF1D1D3DFFB40001A409 /* NavigationTransitionAnimation */ = {
			isa = PBXNativeTarget;
			buildConfigurationList = A457DF301D3DFFB40001A409 /* Build configuration list for PBXNativeTarget "NavigationTransitionAnimation" */;
			buildPhases = (
				A457DF1A1D3DFFB40001A409 /* Sources */,
				A457DF1B1D3DFFB40001A409 /* Frameworks */,
				A457DF1C1D3DFFB40001A409 /* Resources */,
			);
			buildRules = (
			);
			dependencies = (
			);
			name = NavigationTransitionAnimation;
			productName = NavigationTransitionAnimation;
			productReference = A457DF1E1D3DFFB40001A409 /* NavigationTransitionAnimation.app */;
			productType = "com.apple.product-type.application";
		};
/* End PBXNativeTarget section */

/* Begin PBXProject section */
		A457DF161D3DFFB40001A409 /* Project object */ = {
			isa = PBXProject;
			attributes = {
				LastSwiftUpdateCheck = 0730;
				LastUpgradeCheck = 0730;
				ORGANIZATIONNAME = youzan;
				TargetAttributes = {
					A457DF1D1D3DFFB40001A409 = {
						CreatedOnToolsVersion = 7.3.1;
						DevelopmentTeam = RJXPJ9T4QP;
					};
				};
			};
			buildConfigurationList = A457DF191D3DFFB40001A409 /* Build configuration list for PBXProject "NavigationTransitionAnimation" */;
			compatibilityVersion = "Xcode 3.2";
			developmentRegion = English;
			hasScannedForEncodings = 0;
			knownRegions = (
				en,
				Base,
			);
			mainGroup = A457DF151D3DFFB40001A409;
			productRefGroup = A457DF1F1D3DFFB40001A409 /* Products */;
			projectDirPath = "";
			projectRoot = "";
			targets = (
				A457DF1D1D3DFFB40001A409 /* NavigationTransitionAnimation */,
			);
		};
/* End PBXProject section */

/* Begin PBXResourcesBuildPhase section */
		A457DF1C1D3DFFB40001A409 /* Resources */ = {
			isa = PBXResourcesBuildPhase;
			buildActionMask = 2147483647;
			files = (
				A457DF2C1D3DFFB40001A409 /* LaunchScreen.storyboard in Resources */,
				A457DF291D3DFFB40001A409 /* Assets.xcassets in Resources */,
				A457DF271D3DFFB40001A409 /* Main.storyboard in Resources */,
			);
			runOnlyForDeploymentPostprocessing = 0;
		};
/* End PBXResourcesBuildPhase section */

/* Begin PBXSourcesBuildPhase section */
		A457DF1A1D3DFFB40001A409 /* Sources */ = {
			isa = PBXSourcesBuildPhase;
			buildActionMask = 2147483647;
			files = (
				A457DF341D3DFFD80001A409 /* DetailViewController.swift in Sources */,
				A457DF241D3DFFB40001A409 /* ViewController.swift in Sources */,
				A457DF361D3E011B0001A409 /* YRDynamicPasswordTransition.swift in Sources */,
				A457DF221D3DFFB40001A409 /* AppDelegate.swift in Sources */,
			);
			runOnlyForDeploymentPostprocessing = 0;
		};
/* End PBXSourcesBuildPhase section */

/* Begin PBXVariantGroup section */
		A457DF251D3DFFB40001A409 /* Main.storyboard */ = {
			isa = PBXVariantGroup;
			children = (
				A457DF261D3DFFB40001A409 /* Base */,
			);
			name = Main.storyboard;
			sourceTree = "<group>";
		};
		A457DF2A1D3DFFB40001A409 /* LaunchScreen.storyboard */ = {
			isa = PBXVariantGroup;
			children = (
				A457DF2B1D3DFFB40001A409 /* Base */,
			);
			name = LaunchScreen.storyboard;
			sourceTree = "<group>";
		};
/* End PBXVariantGroup section */

/* Begin XCBuildConfiguration section */
		A457DF2E1D3DFFB40001A409 /* Debug */ = {
			isa = XCBuildConfiguration;
			buildSettings = {
				ALWAYS_SEARCH_USER_PATHS = NO;
				CLANG_ANALYZER_NONNULL = YES;
				CLANG_CXX_LANGUAGE_STANDARD = "gnu++0x";
				CLANG_CXX_LIBRARY = "libc++";
				CLANG_ENABLE_MODULES = YES;
				CLANG_ENABLE_OBJC_ARC = YES;
				CLANG_WARN_BOOL_CONVERSION = YES;
				CLANG_WARN_CONSTANT_CONVERSION = YES;
				CLANG_WARN_DIRECT_OBJC_ISA_USAGE = YES_ERROR;
				CLANG_WARN_EMPTY_BODY = YES;
				CLANG_WARN_ENUM_CONVERSION = YES;
				CLANG_WARN_INT_CONVERSION = YES;
				CLANG_WARN_OBJC_ROOT_CLASS = YES_ERROR;
				CLANG_WARN_UNREACHABLE_CODE = YES;
				CLANG_WARN__DUPLICATE_METHOD_MATCH = YES;
				"CODE_SIGN_IDENTITY[sdk=iphoneos*]" = "iPhone Developer";
				COPY_PHASE_STRIP = NO;
				DEBUG_INFORMATION_FORMAT = dwarf;
				ENABLE_STRICT_OBJC_MSGSEND = YES;
				ENABLE_TESTABILITY = YES;
				GCC_C_LANGUAGE_STANDARD = gnu99;
				GCC_DYNAMIC_NO_PIC = NO;
				GCC_NO_COMMON_BLOCKS = YES;
				GCC_OPTIMIZATION_LEVEL = 0;
				GCC_PREPROCESSOR_DEFINITIONS = (
					"DEBUG=1",
					"$(inherited)",
				);
				GCC_WARN_64_TO_32_BIT_CONVERSION = YES;
				GCC_WARN_ABOUT_RETURN_TYPE = YES_ERROR;
				GCC_WARN_UNDECLARED_SELECTOR = YES;
				GCC_WARN_UNINITIALIZED_AUTOS = YES_AGGRESSIVE;
				GCC_WARN_UNUSED_FUNCTION = YES;
				GCC_WARN_UNUSED_VARIABLE = YES;
				IPHONEOS_DEPLOYMENT_TARGET = 9.3;
				MTL_ENABLE_DEBUG_INFO = YES;
				ONLY_ACTIVE_ARCH = YES;
				SDKROOT = iphoneos;
				SWIFT_OPTIMIZATION_LEVEL = "-Onone";
			};
			name = Debug;
		};
		A457DF2F1D3DFFB40001A409 /* Release */ = {
			isa = XCBuildConfiguration;
			buildSettings = {
				ALWAYS_SEARCH_USER_PATHS = NO;
				CLANG_ANALYZER_NONNULL = YES;
				CLANG_CXX_LANGUAGE_STANDARD = "gnu++0x";
				CLANG_CXX_LIBRARY = "libc++";
				CLANG_ENABLE_MODULES = YES;
				CLANG_ENABLE_OBJC_ARC = YES;
				CLANG_WARN_BOOL_CONVERSION = YES;
				CLANG_WARN_CONSTANT_CONVERSION = YES;
				CLANG_WARN_DIRECT_OBJC_ISA_USAGE = YES_ERROR;
				CLANG_WARN_EMPTY_BODY = YES;
				CLANG_WARN_ENUM_CONVERSION = YES;
				CLANG_WARN_INT_CONVERSION = YES;
				CLANG_WARN_OBJC_ROOT_CLASS = YES_ERROR;
				CLANG_WARN_UNREACHABLE_CODE = YES;
				CLANG_WARN__DUPLICATE_METHOD_MATCH = YES;
				"CODE_SIGN_IDENTITY[sdk=iphoneos*]" = "iPhone Developer";
				COPY_PHASE_STRIP = NO;
				DEBUG_INFORMATION_FORMAT = "dwarf-with-dsym";
				ENABLE_NS_ASSERTIONS = NO;
				ENABLE_STRICT_OBJC_MSGSEND = YES;
				GCC_C_LANGUAGE_STANDARD = gnu99;
				GCC_NO_COMMON_BLOCKS = YES;
				GCC_WARN_64_TO_32_BIT_CONVERSION = YES;
				GCC_WARN_ABOUT_RETURN_TYPE = YES_ERROR;
				GCC_WARN_UNDECLARED_SELECTOR = YES;
				GCC_WARN_UNINITIALIZED_AUTOS = YES_AGGRESSIVE;
				GCC_WARN_UNUSED_FUNCTION = YES;
				GCC_WARN_UNUSED_VARIABLE = YES;
				IPHONEOS_DEPLOYMENT_TARGET = 9.3;
				MTL_ENABLE_DEBUG_INFO = NO;
				SDKROOT = iphoneos;
				VALIDATE_PRODUCT = YES;
			};
			name = Release;
		};
		A457DF311D3DFFB40001A409 /* Debug */ = {
			isa = XCBuildConfiguration;
			buildSettings = {
				ASSETCATALOG_COMPILER_APPICON_NAME = AppIcon;
				INFOPLIST_FILE = NavigationTransitionAnimation/Info.plist;
				LD_RUNPATH_SEARCH_PATHS = "$(inherited) @executable_path/Frameworks";
				PRODUCT_BUNDLE_IDENTIFIER = com.youzan.NavigationTransitionAnimation;
				PRODUCT_NAME = "$(TARGET_NAME)";
			};
			name = Debug;
		};
		A457DF321D3DFFB40001A409 /* Release */ = {
			isa = XCBuildConfiguration;
			buildSettings = {
				ASSETCATALOG_COMPILER_APPICON_NAME = AppIcon;
				INFOPLIST_FILE = NavigationTransitionAnimation/Info.plist;
				LD_RUNPATH_SEARCH_PATHS = "$(inherited) @executable_path/Frameworks";
				PRODUCT_BUNDLE_IDENTIFIER = com.youzan.NavigationTransitionAnimation;
				PRODUCT_NAME = "$(TARGET_NAME)";
			};
			name = Release;
		};
/* End XCBuildConfiguration section */

/* Begin XCConfigurationList section */
		A457DF191D3DFFB40001A409 /* Build configuration list for PBXProject "NavigationTransitionAnimation" */ = {
			isa = XCConfigurationList;
			buildConfigurations = (
				A457DF2E1D3DFFB40001A409 /* Debug */,
				A457DF2F1D3DFFB40001A409 /* Release */,
			);
			defaultConfigurationIsVisible = 0;
			defaultConfigurationName = Release;
		};
		A457DF301D3DFFB40001A409 /* Build configuration list for PBXNativeTarget "NavigationTransitionAnimation" */ = {
			isa = XCConfigurationList;
			buildConfigurations = (
				A457DF311D3DFFB40001A409 /* Debug */,
				A457DF321D3DFFB40001A409 /* Release */,
			);
			defaultConfigurationIsVisible = 0;
		};
/* End XCConfigurationList section */
	};
	rootObject = A457DF161D3DFFB40001A409 /* Project object */;
}
